
Microsoft Visual Studio Solution File, Format Version 12.00
# Visual Studio Version 17
VisualStudioVersion = 17.13.35931.197 d17.13
MinimumVisualStudioVersion = 10.0.40219.1
Project("{8BC9CEB8-8B4A-11D0-8D11-00A0C91BC942}") = "Project1", "Project1\Project1.vcxproj", "{4D8DDF24-F6D0-4A98-9F78-F86661A93CD9}"
EndProject
Global
	GlobalSection(SolutionConfigurationPlatforms) = preSolution
		Debug|x64 = Debug|x64
		Debug|x86 = Debug|x86
		Release|x64 = Release|x64
		Release|x86 = Release|x86
	EndGlobalSection
	GlobalSection(ProjectConfigurationPlatforms) = postSolution
		{4D8DDF24-F6D0-4A98-9F78-F86661A93CD9}.Debug|x64.ActiveCfg = Debug|x64
		{4D8DDF24-F6D0-4A98-9F78-F86661A93CD9}.Debug|x64.Build.0 = Debug|x64
		{4D8DDF24-F6D0-4A98-9F78-F86661A93CD9}.Debug|x86.ActiveCfg = Debug|Win32
		{4D8DDF24-F6D0-4A98-9F78-F86661A93CD9}.Debug|x86.Build.0 = Debug|Win32
		{4D8DDF24-F6D0-4A98-9F78-F86661A93CD9}.Release|x64.ActiveCfg = Release|x64
		{4D8DDF24-F6D0-4A98-9F78-F86661A93CD9}.Release|x64.Build.0 = Release|x64
		{4D8DDF24-F6D0-4A98-9F78-F86661A93CD9}.Release|x86.ActiveCfg = Release|Win32
		{4D8DDF24-F6D0-4A98-9F78-F86661A93CD9}.Release|x86.Build.0 = Release|Win32
	EndGlobalSection
	GlobalSection(SolutionProperties) = preSolution
		HideSolutionNode = FALSE
	EndGlobalSection
	GlobalSection(ExtensibilityGlobals) = postSolution
		SolutionGuid = {D68D844D-187F-4A6D-ABC3-EC3C1B7EE5DE}
	EndGlobalSection
EndGlobal
